
Microsoft Visual Studio Solution File, Format Version 12.00
# Visual Studio Version 17
VisualStudioVersion = 17.5.002.0
MinimumVisualStudioVersion = 10.0.40219.1
Project("{9A19103F-16F7-4668-BE54-9A1E7A4F7556}") = "GameStore.Api", "GameStore.Api.csproj", "{56D8FFA8-7A5D-4041-BE7B-7E4CC50E533B}"
EndProject
Global
	GlobalSection(SolutionConfigurationPlatforms) = preSolution
		Debug|Any CPU = Debug|Any CPU
		Release|Any CPU = Release|Any CPU
	EndGlobalSection
	GlobalSection(ProjectConfigurationPlatforms) = postSolution
		{56D8FFA8-7A5D-4041-BE7B-7E4CC50E533B}.Debug|Any CPU.ActiveCfg = Debug|Any CPU
		{56D8FFA8-7A5D-4041-BE7B-7E4CC50E533B}.Debug|Any CPU.Build.0 = Debug|Any CPU
		{56D8FFA8-7A5D-4041-BE7B-7E4CC50E533B}.Release|Any CPU.ActiveCfg = Release|Any CPU
		{56D8FFA8-7A5D-4041-BE7B-7E4CC50E533B}.Release|Any CPU.Build.0 = Release|Any CPU
	EndGlobalSection
	GlobalSection(SolutionProperties) = preSolution
		HideSolutionNode = FALSE
	EndGlobalSection
	GlobalSection(ExtensibilityGlobals) = postSolution
		SolutionGuid = {88C59AF2-2B16-413D-930A-A091ADE6F618}
	EndGlobalSection
EndGlobal
